
Microsoft Visual Studio Solution File, Format Version 12.00
# Visual Studio 2013
VisualStudioVersion = 12.0.40629.0
MinimumVisualStudioVersion = 10.0.40219.1
Project("{FAE04EC0-301F-11D3-BF4B-00C04F79EFBC}") = "MvcMusicStore", "MvcMusicStore\MvcMusicStore.csproj", "{A9B47B62-5643-4F4E-99AE-A7A3B5B12A65}"
EndProject
Project("{FAE04EC0-301F-11D3-BF4B-00C04F79EFBC}") = "MvcMusicStore.Tests", "MvcMusicStore.Tests\MvcMusicStore.Tests.csproj", "{704FDC05-75E3-4903-8711-6D242FB44446}"
EndProject
Global
	GlobalSection(SolutionConfigurationPlatforms) = preSolution
		Debug|Any CPU = Debug|Any CPU
		Release|Any CPU = Release|Any CPU
	EndGlobalSection
	GlobalSection(ProjectConfigurationPlatforms) = postSolution
		{A9B47B62-5643-4F4E-99AE-A7A3B5B12A65}.Debug|Any CPU.ActiveCfg = Debug|Any CPU
		{A9B47B62-5643-4F4E-99AE-A7A3B5B12A65}.Debug|Any CPU.Build.0 = Debug|Any CPU
		{A9B47B62-5643-4F4E-99AE-A7A3B5B12A65}.Release|Any CPU.ActiveCfg = Release|Any CPU
		{A9B47B62-5643-4F4E-99AE-A7A3B5B12A65}.Release|Any CPU.Build.0 = Release|Any CPU
		{704FDC05-75E3-4903-8711-6D242FB44446}.Debug|Any CPU.ActiveCfg = Debug|Any CPU
		{704FDC05-75E3-4903-8711-6D242FB44446}.Debug|Any CPU.Build.0 = Debug|Any CPU
		{704FDC05-75E3-4903-8711-6D242FB44446}.Release|Any CPU.ActiveCfg = Release|Any CPU
		{704FDC05-75E3-4903-8711-6D242FB44446}.Release|Any CPU.Build.0 = Release|Any CPU
	EndGlobalSection
	GlobalSection(SolutionProperties) = preSolution
		HideSolutionNode = FALSE
	EndGlobalSection
EndGlobal
